
Microsoft Visual Studio Solution File, Format Version 12.00
# Visual Studio Version 17
VisualStudioVersion = 17.0.32014.148
MinimumVisualStudioVersion = 10.0.40219.1
Project("{2150E333-8FDC-42A3-9474-1A3956D46DE8}") = "Apps", "Apps", "{6651FB3E-1F40-4A35-A948-90923F750E71}"
EndProject
Project("{2150E333-8FDC-42A3-9474-1A3956D46DE8}") = "Learn", "Learn", "{A86442E8-5AEC-4050-B72A-1543C9E7345B}"
EndProject
Project("{2150E333-8FDC-42A3-9474-1A3956D46DE8}") = "Lib", "Lib", "{E87F2F53-8B91-49FB-846E-F9E0770862AA}"
EndProject
Project("{2150E333-8FDC-42A3-9474-1A3956D46DE8}") = "NIWC", "NIWC", "{A919958D-010B-45F8-85A1-A8A2B5269135}"
EndProject
Project("{9A19103F-16F7-4668-BE54-9A1E7A4F7556}") = "LocLib", "Lib\LocLib\LocLib.csproj", "{274A71E1-EB99-487C-8EA6-90C94755EF4D}"
EndProject
Project("{9A19103F-16F7-4668-BE54-9A1E7A4F7556}") = "LocLib.xUnit", "Lib\LocLib.xUnit\LocLib.xUnit.csproj", "{E93F8940-351C-4EFD-861F-1817F0E7D90E}"
EndProject
Project("{9A19103F-16F7-4668-BE54-9A1E7A4F7556}") = "LocLib.WinUI", "Lib\LocLib.WinUI\LocLib.WinUI.csproj", "{029DB9A5-AC3D-442E-BE7A-3EAF641367AD}"
EndProject
Project("{2150E333-8FDC-42A3-9474-1A3956D46DE8}") = "Templates", "Templates", "{C5AAD626-C0DA-4EBA-A504-6AFCF9B530B0}"
EndProject
Project("{2150E333-8FDC-42A3-9474-1A3956D46DE8}") = "WinUI", "WinUI", "{713B3BB2-8E97-402C-A40A-657DD437D0E9}"
	ProjectSection(SolutionItems) = preProject
		Template_WinUI_Steps.txt = Template_WinUI_Steps.txt
	EndProjectSection
EndProject
Project("{9A19103F-16F7-4668-BE54-9A1E7A4F7556}") = "EmployeesManager", "Apps\Templates\WinUI\EmployeesManager\EmployeesManager.csproj", "{FB9216BB-B729-49E9-90CB-2261824157C7}"
EndProject
Project("{9A19103F-16F7-4668-BE54-9A1E7A4F7556}") = "EmployeesManager.Lib", "Apps\Templates\WinUI\EmployeesManager.Lib\EmployeesManager.Lib.csproj", "{B3AA937A-6866-48B9-B527-41A3F17B240A}"
EndProject
Project("{2150E333-8FDC-42A3-9474-1A3956D46DE8}") = "TSS_Automation", "TSS_Automation", "{24A510D1-F483-4B9E-AC1D-D665ECA120B0}"
EndProject
Project("{9A19103F-16F7-4668-BE54-9A1E7A4F7556}") = "TSS", "NIWC\TSS_Automation\TSS\TSS.csproj", "{833AA5AF-68B6-4FB9-A7F0-20692C59D343}"
EndProject
Project("{9A19103F-16F7-4668-BE54-9A1E7A4F7556}") = "TSS.Lib.Common", "NIWC\TSS_Automation\TSS.Lib.Common\TSS.Lib.Common.csproj", "{E218C278-EDE5-4E5F-9846-C4892316BBE7}"
EndProject
Project("{9A19103F-16F7-4668-BE54-9A1E7A4F7556}") = "TSS.Lib.Common.Test", "NIWC\TSS_Automation\TSS.Lib.Common.Test\TSS.Lib.Common.Test.csproj", "{FDA5CD66-F3FB-4922-967D-A0C0BE8EF83A}"
EndProject
Project("{9A19103F-16F7-4668-BE54-9A1E7A4F7556}") = "TSS.Lib.ViewModels", "NIWC\TSS_Automation\TSS.Lib.ViewModels\TSS.Lib.ViewModels.csproj", "{974EC7C1-19AC-41E2-891A-63AB57FB1D35}"
EndProject
Project("{9A19103F-16F7-4668-BE54-9A1E7A4F7556}") = "ConsoleApp", "Learn\ConsoleApp\ConsoleApp.csproj", "{A0934685-8609-4372-A631-2EAD2A4C7D6F}"
EndProject
Project("{2150E333-8FDC-42A3-9474-1A3956D46DE8}") = "_Misc", "_Misc", "{0B093853-D040-4FB2-B735-9894D844EB5A}"
	ProjectSection(SolutionItems) = preProject
		_Misc\ColorsCombination24.jpg = _Misc\ColorsCombination24.jpg
		_Misc\Template_WinUI_Steps.txt = _Misc\Template_WinUI_Steps.txt
	EndProjectSection
EndProject
Project("{FAE04EC0-301F-11D3-BF4B-00C04F79EFBC}") = "CommandWinUI", "Learn\CommandWinUI\CommandWinUI.csproj", "{DF23A095-B0CC-406A-864B-E5C06DAB864C}"
EndProject
Global
	GlobalSection(SolutionConfigurationPlatforms) = preSolution
		Debug|Any CPU = Debug|Any CPU
		Debug|arm64 = Debug|arm64
		Debug|x64 = Debug|x64
		Debug|x86 = Debug|x86
		Release|Any CPU = Release|Any CPU
		Release|arm64 = Release|arm64
		Release|x64 = Release|x64
		Release|x86 = Release|x86
	EndGlobalSection
	GlobalSection(ProjectConfigurationPlatforms) = postSolution
		{274A71E1-EB99-487C-8EA6-90C94755EF4D}.Debug|Any CPU.ActiveCfg = Debug|Any CPU
		{274A71E1-EB99-487C-8EA6-90C94755EF4D}.Debug|Any CPU.Build.0 = Debug|Any CPU
		{274A71E1-EB99-487C-8EA6-90C94755EF4D}.Debug|arm64.ActiveCfg = Debug|Any CPU
		{274A71E1-EB99-487C-8EA6-90C94755EF4D}.Debug|arm64.Build.0 = Debug|Any CPU
		{274A71E1-EB99-487C-8EA6-90C94755EF4D}.Debug|x64.ActiveCfg = Debug|Any CPU
		{274A71E1-EB99-487C-8EA6-90C94755EF4D}.Debug|x64.Build.0 = Debug|Any CPU
		{274A71E1-EB99-487C-8EA6-90C94755EF4D}.Debug|x86.ActiveCfg = Debug|Any CPU
		{274A71E1-EB99-487C-8EA6-90C94755EF4D}.Debug|x86.Build.0 = Debug|Any CPU
		{274A71E1-EB99-487C-8EA6-90C94755EF4D}.Release|Any CPU.ActiveCfg = Release|Any CPU
		{274A71E1-EB99-487C-8EA6-90C94755EF4D}.Release|Any CPU.Build.0 = Release|Any CPU
		{274A71E1-EB99-487C-8EA6-90C94755EF4D}.Release|arm64.ActiveCfg = Release|Any CPU
		{274A71E1-EB99-487C-8EA6-90C94755EF4D}.Release|arm64.Build.0 = Release|Any CPU
		{274A71E1-EB99-487C-8EA6-90C94755EF4D}.Release|x64.ActiveCfg = Release|Any CPU
		{274A71E1-EB99-487C-8EA6-90C94755EF4D}.Release|x64.Build.0 = Release|Any CPU
		{274A71E1-EB99-487C-8EA6-90C94755EF4D}.Release|x86.ActiveCfg = Release|Any CPU
		{274A71E1-EB99-487C-8EA6-90C94755EF4D}.Release|x86.Build.0 = Release|Any CPU
		{E93F8940-351C-4EFD-861F-1817F0E7D90E}.Debug|Any CPU.ActiveCfg = Debug|Any CPU
		{E93F8940-351C-4EFD-861F-1817F0E7D90E}.Debug|Any CPU.Build.0 = Debug|Any CPU
		{E93F8940-351C-4EFD-861F-1817F0E7D90E}.Debug|arm64.ActiveCfg = Debug|Any CPU
		{E93F8940-351C-4EFD-861F-1817F0E7D90E}.Debug|arm64.Build.0 = Debug|Any CPU
		{E93F8940-351C-4EFD-861F-1817F0E7D90E}.Debug|x64.ActiveCfg = Debug|Any CPU
		{E93F8940-351C-4EFD-861F-1817F0E7D90E}.Debug|x64.Build.0 = Debug|Any CPU
		{E93F8940-351C-4EFD-861F-1817F0E7D90E}.Debug|x86.ActiveCfg = Debug|Any CPU
		{E93F8940-351C-4EFD-861F-1817F0E7D90E}.Debug|x86.Build.0 = Debug|Any CPU
		{E93F8940-351C-4EFD-861F-1817F0E7D90E}.Release|Any CPU.ActiveCfg = Release|Any CPU
		{E93F8940-351C-4EFD-861F-1817F0E7D90E}.Release|Any CPU.Build.0 = Release|Any CPU
		{E93F8940-351C-4EFD-861F-1817F0E7D90E}.Release|arm64.ActiveCfg = Release|Any CPU
		{E93F8940-351C-4EFD-861F-1817F0E7D90E}.Release|arm64.Build.0 = Release|Any CPU
		{E93F8940-351C-4EFD-861F-1817F0E7D90E}.Release|x64.ActiveCfg = Release|Any CPU
		{E93F8940-351C-4EFD-861F-1817F0E7D90E}.Release|x64.Build.0 = Release|Any CPU
		{E93F8940-351C-4EFD-861F-1817F0E7D90E}.Release|x86.ActiveCfg = Release|Any CPU
		{E93F8940-351C-4EFD-861F-1817F0E7D90E}.Release|x86.Build.0 = Release|Any CPU
		{029DB9A5-AC3D-442E-BE7A-3EAF641367AD}.Debug|Any CPU.ActiveCfg = Debug|Any CPU
		{029DB9A5-AC3D-442E-BE7A-3EAF641367AD}.Debug|Any CPU.Build.0 = Debug|Any CPU
		{029DB9A5-AC3D-442E-BE7A-3EAF641367AD}.Debug|arm64.ActiveCfg = Debug|Any CPU
		{029DB9A5-AC3D-442E-BE7A-3EAF641367AD}.Debug|arm64.Build.0 = Debug|Any CPU
		{029DB9A5-AC3D-442E-BE7A-3EAF641367AD}.Debug|x64.ActiveCfg = Debug|Any CPU
		{029DB9A5-AC3D-442E-BE7A-3EAF641367AD}.Debug|x64.Build.0 = Debug|Any CPU
		{029DB9A5-AC3D-442E-BE7A-3EAF641367AD}.Debug|x86.ActiveCfg = Debug|Any CPU
		{029DB9A5-AC3D-442E-BE7A-3EAF641367AD}.Debug|x86.Build.0 = Debug|Any CPU
		{029DB9A5-AC3D-442E-BE7A-3EAF641367AD}.Release|Any CPU.ActiveCfg = Release|Any CPU
		{029DB9A5-AC3D-442E-BE7A-3EAF641367AD}.Release|Any CPU.Build.0 = Release|Any CPU
		{029DB9A5-AC3D-442E-BE7A-3EAF641367AD}.Release|arm64.ActiveCfg = Release|Any CPU
		{029DB9A5-AC3D-442E-BE7A-3EAF641367AD}.Release|arm64.Build.0 = Release|Any CPU
		{029DB9A5-AC3D-442E-BE7A-3EAF641367AD}.Release|x64.ActiveCfg = Release|Any CPU
		{029DB9A5-AC3D-442E-BE7A-3EAF641367AD}.Release|x64.Build.0 = Release|Any CPU
		{029DB9A5-AC3D-442E-BE7A-3EAF641367AD}.Release|x86.ActiveCfg = Release|Any CPU
		{029DB9A5-AC3D-442E-BE7A-3EAF641367AD}.Release|x86.Build.0 = Release|Any CPU
		{FB9216BB-B729-49E9-90CB-2261824157C7}.Debug|Any CPU.ActiveCfg = Debug|x64
		{FB9216BB-B729-49E9-90CB-2261824157C7}.Debug|Any CPU.Build.0 = Debug|x64
		{FB9216BB-B729-49E9-90CB-2261824157C7}.Debug|Any CPU.Deploy.0 = Debug|x64
		{FB9216BB-B729-49E9-90CB-2261824157C7}.Debug|arm64.ActiveCfg = Debug|arm64
		{FB9216BB-B729-49E9-90CB-2261824157C7}.Debug|arm64.Build.0 = Debug|arm64
		{FB9216BB-B729-49E9-90CB-2261824157C7}.Debug|arm64.Deploy.0 = Debug|arm64
		{FB9216BB-B729-49E9-90CB-2261824157C7}.Debug|x64.ActiveCfg = Debug|x64
		{FB9216BB-B729-49E9-90CB-2261824157C7}.Debug|x64.Build.0 = Debug|x64
		{FB9216BB-B729-49E9-90CB-2261824157C7}.Debug|x64.Deploy.0 = Debug|x64
		{FB9216BB-B729-49E9-90CB-2261824157C7}.Debug|x86.ActiveCfg = Debug|x86
		{FB9216BB-B729-49E9-90CB-2261824157C7}.Debug|x86.Build.0 = Debug|x86
		{FB9216BB-B729-49E9-90CB-2261824157C7}.Debug|x86.Deploy.0 = Debug|x86
		{FB9216BB-B729-49E9-90CB-2261824157C7}.Release|Any CPU.ActiveCfg = Release|x64
		{FB9216BB-B729-49E9-90CB-2261824157C7}.Release|Any CPU.Build.0 = Release|x64
		{FB9216BB-B729-49E9-90CB-2261824157C7}.Release|Any CPU.Deploy.0 = Release|x64
		{FB9216BB-B729-49E9-90CB-2261824157C7}.Release|arm64.ActiveCfg = Release|arm64
		{FB9216BB-B729-49E9-90CB-2261824157C7}.Release|arm64.Build.0 = Release|arm64
		{FB9216BB-B729-49E9-90CB-2261824157C7}.Release|arm64.Deploy.0 = Release|arm64
		{FB9216BB-B729-49E9-90CB-2261824157C7}.Release|x64.ActiveCfg = Release|x64
		{FB9216BB-B729-49E9-90CB-2261824157C7}.Release|x64.Build.0 = Release|x64
		{FB9216BB-B729-49E9-90CB-2261824157C7}.Release|x64.Deploy.0 = Release|x64
		{FB9216BB-B729-49E9-90CB-2261824157C7}.Release|x86.ActiveCfg = Release|x86
		{FB9216BB-B729-49E9-90CB-2261824157C7}.Release|x86.Build.0 = Release|x86
		{FB9216BB-B729-49E9-90CB-2261824157C7}.Release|x86.Deploy.0 = Release|x86
		{B3AA937A-6866-48B9-B527-41A3F17B240A}.Debug|Any CPU.ActiveCfg = Debug|Any CPU
		{B3AA937A-6866-48B9-B527-41A3F17B240A}.Debug|Any CPU.Build.0 = Debug|Any CPU
		{B3AA937A-6866-48B9-B527-41A3F17B240A}.Debug|arm64.ActiveCfg = Debug|Any CPU
		{B3AA937A-6866-48B9-B527-41A3F17B240A}.Debug|arm64.Build.0 = Debug|Any CPU
		{B3AA937A-6866-48B9-B527-41A3F17B240A}.Debug|x64.ActiveCfg = Debug|Any CPU
		{B3AA937A-6866-48B9-B527-41A3F17B240A}.Debug|x64.Build.0 = Debug|Any CPU
		{B3AA937A-6866-48B9-B527-41A3F17B240A}.Debug|x86.ActiveCfg = Debug|Any CPU
		{B3AA937A-6866-48B9-B527-41A3F17B240A}.Debug|x86.Build.0 = Debug|Any CPU
		{B3AA937A-6866-48B9-B527-41A3F17B240A}.Release|Any CPU.ActiveCfg = Release|Any CPU
		{B3AA937A-6866-48B9-B527-41A3F17B240A}.Release|Any CPU.Build.0 = Release|Any CPU
		{B3AA937A-6866-48B9-B527-41A3F17B240A}.Release|arm64.ActiveCfg = Release|Any CPU
		{B3AA937A-6866-48B9-B527-41A3F17B240A}.Release|arm64.Build.0 = Release|Any CPU
		{B3AA937A-6866-48B9-B527-41A3F17B240A}.Release|x64.ActiveCfg = Release|Any CPU
		{B3AA937A-6866-48B9-B527-41A3F17B240A}.Release|x64.Build.0 = Release|Any CPU
		{B3AA937A-6866-48B9-B527-41A3F17B240A}.Release|x86.ActiveCfg = Release|Any CPU
		{B3AA937A-6866-48B9-B527-41A3F17B240A}.Release|x86.Build.0 = Release|Any CPU
		{833AA5AF-68B6-4FB9-A7F0-20692C59D343}.Debug|Any CPU.ActiveCfg = Debug|x64
		{833AA5AF-68B6-4FB9-A7F0-20692C59D343}.Debug|Any CPU.Build.0 = Debug|x64
		{833AA5AF-68B6-4FB9-A7F0-20692C59D343}.Debug|Any CPU.Deploy.0 = Debug|x64
		{833AA5AF-68B6-4FB9-A7F0-20692C59D343}.Debug|arm64.ActiveCfg = Debug|arm64
		{833AA5AF-68B6-4FB9-A7F0-20692C59D343}.Debug|arm64.Build.0 = Debug|arm64
		{833AA5AF-68B6-4FB9-A7F0-20692C59D343}.Debug|arm64.Deploy.0 = Debug|arm64
		{833AA5AF-68B6-4FB9-A7F0-20692C59D343}.Debug|x64.ActiveCfg = Debug|x64
		{833AA5AF-68B6-4FB9-A7F0-20692C59D343}.Debug|x64.Build.0 = Debug|x64
		{833AA5AF-68B6-4FB9-A7F0-20692C59D343}.Debug|x64.Deploy.0 = Debug|x64
		{833AA5AF-68B6-4FB9-A7F0-20692C59D343}.Debug|x86.ActiveCfg = Debug|x86
		{833AA5AF-68B6-4FB9-A7F0-20692C59D343}.Debug|x86.Build.0 = Debug|x86
		{833AA5AF-68B6-4FB9-A7F0-20692C59D343}.Debug|x86.Deploy.0 = Debug|x86
		{833AA5AF-68B6-4FB9-A7F0-20692C59D343}.Release|Any CPU.ActiveCfg = Release|x64
		{833AA5AF-68B6-4FB9-A7F0-20692C59D343}.Release|Any CPU.Build.0 = Release|x64
		{833AA5AF-68B6-4FB9-A7F0-20692C59D343}.Release|Any CPU.Deploy.0 = Release|x64
		{833AA5AF-68B6-4FB9-A7F0-20692C59D343}.Release|arm64.ActiveCfg = Release|arm64
		{833AA5AF-68B6-4FB9-A7F0-20692C59D343}.Release|arm64.Build.0 = Release|arm64
		{833AA5AF-68B6-4FB9-A7F0-20692C59D343}.Release|arm64.Deploy.0 = Release|arm64
		{833AA5AF-68B6-4FB9-A7F0-20692C59D343}.Release|x64.ActiveCfg = Release|x64
		{833AA5AF-68B6-4FB9-A7F0-20692C59D343}.Release|x64.Build.0 = Release|x64
		{833AA5AF-68B6-4FB9-A7F0-20692C59D343}.Release|x64.Deploy.0 = Release|x64
		{833AA5AF-68B6-4FB9-A7F0-20692C59D343}.Release|x86.ActiveCfg = Release|x86
		{833AA5AF-68B6-4FB9-A7F0-20692C59D343}.Release|x86.Build.0 = Release|x86
		{833AA5AF-68B6-4FB9-A7F0-20692C59D343}.Release|x86.Deploy.0 = Release|x86
		{E218C278-EDE5-4E5F-9846-C4892316BBE7}.Debug|Any CPU.ActiveCfg = Debug|Any CPU
		{E218C278-EDE5-4E5F-9846-C4892316BBE7}.Debug|Any CPU.Build.0 = Debug|Any CPU
		{E218C278-EDE5-4E5F-9846-C4892316BBE7}.Debug|arm64.ActiveCfg = Debug|Any CPU
		{E218C278-EDE5-4E5F-9846-C4892316BBE7}.Debug|arm64.Build.0 = Debug|Any CPU
		{E218C278-EDE5-4E5F-9846-C4892316BBE7}.Debug|x64.ActiveCfg = Debug|Any CPU
		{E218C278-EDE5-4E5F-9846-C4892316BBE7}.Debug|x64.Build.0 = Debug|Any CPU
		{E218C278-EDE5-4E5F-9846-C4892316BBE7}.Debug|x86.ActiveCfg = Debug|Any CPU
		{E218C278-EDE5-4E5F-9846-C4892316BBE7}.Debug|x86.Build.0 = Debug|Any CPU
		{E218C278-EDE5-4E5F-9846-C4892316BBE7}.Release|Any CPU.ActiveCfg = Release|Any CPU
		{E218C278-EDE5-4E5F-9846-C4892316BBE7}.Release|Any CPU.Build.0 = Release|Any CPU
		{E218C278-EDE5-4E5F-9846-C4892316BBE7}.Release|arm64.ActiveCfg = Release|Any CPU
		{E218C278-EDE5-4E5F-9846-C4892316BBE7}.Release|arm64.Build.0 = Release|Any CPU
		{E218C278-EDE5-4E5F-9846-C4892316BBE7}.Release|x64.ActiveCfg = Release|Any CPU
		{E218C278-EDE5-4E5F-9846-C4892316BBE7}.Release|x64.Build.0 = Release|Any CPU
		{E218C278-EDE5-4E5F-9846-C4892316BBE7}.Release|x86.ActiveCfg = Release|Any CPU
		{E218C278-EDE5-4E5F-9846-C4892316BBE7}.Release|x86.Build.0 = Release|Any CPU
		{FDA5CD66-F3FB-4922-967D-A0C0BE8EF83A}.Debug|Any CPU.ActiveCfg = Debug|Any CPU
		{FDA5CD66-F3FB-4922-967D-A0C0BE8EF83A}.Debug|Any CPU.Build.0 = Debug|Any CPU
		{FDA5CD66-F3FB-4922-967D-A0C0BE8EF83A}.Debug|arm64.ActiveCfg = Debug|Any CPU
		{FDA5CD66-F3FB-4922-967D-A0C0BE8EF83A}.Debug|arm64.Build.0 = Debug|Any CPU
		{FDA5CD66-F3FB-4922-967D-A0C0BE8EF83A}.Debug|x64.ActiveCfg = Debug|Any CPU
		{FDA5CD66-F3FB-4922-967D-A0C0BE8EF83A}.Debug|x64.Build.0 = Debug|Any CPU
		{FDA5CD66-F3FB-4922-967D-A0C0BE8EF83A}.Debug|x86.ActiveCfg = Debug|Any CPU
		{FDA5CD66-F3FB-4922-967D-A0C0BE8EF83A}.Debug|x86.Build.0 = Debug|Any CPU
		{FDA5CD66-F3FB-4922-967D-A0C0BE8EF83A}.Release|Any CPU.ActiveCfg = Release|Any CPU
		{FDA5CD66-F3FB-4922-967D-A0C0BE8EF83A}.Release|Any CPU.Build.0 = Release|Any CPU
		{FDA5CD66-F3FB-4922-967D-A0C0BE8EF83A}.Release|arm64.ActiveCfg = Release|Any CPU
		{FDA5CD66-F3FB-4922-967D-A0C0BE8EF83A}.Release|arm64.Build.0 = Release|Any CPU
		{FDA5CD66-F3FB-4922-967D-A0C0BE8EF83A}.Release|x64.ActiveCfg = Release|Any CPU
		{FDA5CD66-F3FB-4922-967D-A0C0BE8EF83A}.Release|x64.Build.0 = Release|Any CPU
		{FDA5CD66-F3FB-4922-967D-A0C0BE8EF83A}.Release|x86.ActiveCfg = Release|Any CPU
		{FDA5CD66-F3FB-4922-967D-A0C0BE8EF83A}.Release|x86.Build.0 = Release|Any CPU
		{974EC7C1-19AC-41E2-891A-63AB57FB1D35}.Debug|Any CPU.ActiveCfg = Debug|Any CPU
		{974EC7C1-19AC-41E2-891A-63AB57FB1D35}.Debug|Any CPU.Build.0 = Debug|Any CPU
		{974EC7C1-19AC-41E2-891A-63AB57FB1D35}.Debug|arm64.ActiveCfg = Debug|Any CPU
		{974EC7C1-19AC-41E2-891A-63AB57FB1D35}.Debug|arm64.Build.0 = Debug|Any CPU
		{974EC7C1-19AC-41E2-891A-63AB57FB1D35}.Debug|x64.ActiveCfg = Debug|Any CPU
		{974EC7C1-19AC-41E2-891A-63AB57FB1D35}.Debug|x64.Build.0 = Debug|Any CPU
		{974EC7C1-19AC-41E2-891A-63AB57FB1D35}.Debug|x86.ActiveCfg = Debug|Any CPU
		{974EC7C1-19AC-41E2-891A-63AB57FB1D35}.Debug|x86.Build.0 = Debug|Any CPU
		{974EC7C1-19AC-41E2-891A-63AB57FB1D35}.Release|Any CPU.ActiveCfg = Release|Any CPU
		{974EC7C1-19AC-41E2-891A-63AB57FB1D35}.Release|Any CPU.Build.0 = Release|Any CPU
		{974EC7C1-19AC-41E2-891A-63AB57FB1D35}.Release|arm64.ActiveCfg = Release|Any CPU
		{974EC7C1-19AC-41E2-891A-63AB57FB1D35}.Release|arm64.Build.0 = Release|Any CPU
		{974EC7C1-19AC-41E2-891A-63AB57FB1D35}.Release|x64.ActiveCfg = Release|Any CPU
		{974EC7C1-19AC-41E2-891A-63AB57FB1D35}.Release|x64.Build.0 = Release|Any CPU
		{974EC7C1-19AC-41E2-891A-63AB57FB1D35}.Release|x86.ActiveCfg = Release|Any CPU
		{974EC7C1-19AC-41E2-891A-63AB57FB1D35}.Release|x86.Build.0 = Release|Any CPU
		{A0934685-8609-4372-A631-2EAD2A4C7D6F}.Debug|Any CPU.ActiveCfg = Debug|Any CPU
		{A0934685-8609-4372-A631-2EAD2A4C7D6F}.Debug|Any CPU.Build.0 = Debug|Any CPU
		{A0934685-8609-4372-A631-2EAD2A4C7D6F}.Debug|arm64.ActiveCfg = Debug|Any CPU
		{A0934685-8609-4372-A631-2EAD2A4C7D6F}.Debug|arm64.Build.0 = Debug|Any CPU
		{A0934685-8609-4372-A631-2EAD2A4C7D6F}.Debug|x64.ActiveCfg = Debug|Any CPU
		{A0934685-8609-4372-A631-2EAD2A4C7D6F}.Debug|x64.Build.0 = Debug|Any CPU
		{A0934685-8609-4372-A631-2EAD2A4C7D6F}.Debug|x86.ActiveCfg = Debug|Any CPU
		{A0934685-8609-4372-A631-2EAD2A4C7D6F}.Debug|x86.Build.0 = Debug|Any CPU
		{A0934685-8609-4372-A631-2EAD2A4C7D6F}.Release|Any CPU.ActiveCfg = Release|Any CPU
		{A0934685-8609-4372-A631-2EAD2A4C7D6F}.Release|Any CPU.Build.0 = Release|Any CPU
		{A0934685-8609-4372-A631-2EAD2A4C7D6F}.Release|arm64.ActiveCfg = Release|Any CPU
		{A0934685-8609-4372-A631-2EAD2A4C7D6F}.Release|arm64.Build.0 = Release|Any CPU
		{A0934685-8609-4372-A631-2EAD2A4C7D6F}.Release|x64.ActiveCfg = Release|Any CPU
		{A0934685-8609-4372-A631-2EAD2A4C7D6F}.Release|x64.Build.0 = Release|Any CPU
		{A0934685-8609-4372-A631-2EAD2A4C7D6F}.Release|x86.ActiveCfg = Release|Any CPU
		{A0934685-8609-4372-A631-2EAD2A4C7D6F}.Release|x86.Build.0 = Release|Any CPU
		{DF23A095-B0CC-406A-864B-E5C06DAB864C}.Debug|Any CPU.ActiveCfg = Debug|x64
		{DF23A095-B0CC-406A-864B-E5C06DAB864C}.Debug|Any CPU.Build.0 = Debug|x64
		{DF23A095-B0CC-406A-864B-E5C06DAB864C}.Debug|Any CPU.Deploy.0 = Debug|x64
		{DF23A095-B0CC-406A-864B-E5C06DAB864C}.Debug|arm64.ActiveCfg = Debug|arm64
		{DF23A095-B0CC-406A-864B-E5C06DAB864C}.Debug|arm64.Build.0 = Debug|arm64
		{DF23A095-B0CC-406A-864B-E5C06DAB864C}.Debug|arm64.Deploy.0 = Debug|arm64
		{DF23A095-B0CC-406A-864B-E5C06DAB864C}.Debug|x64.ActiveCfg = Debug|x64
		{DF23A095-B0CC-406A-864B-E5C06DAB864C}.Debug|x64.Build.0 = Debug|x64
		{DF23A095-B0CC-406A-864B-E5C06DAB864C}.Debug|x64.Deploy.0 = Debug|x64
		{DF23A095-B0CC-406A-864B-E5C06DAB864C}.Debug|x86.ActiveCfg = Debug|x86
		{DF23A095-B0CC-406A-864B-E5C06DAB864C}.Debug|x86.Build.0 = Debug|x86
		{DF23A095-B0CC-406A-864B-E5C06DAB864C}.Debug|x86.Deploy.0 = Debug|x86
		{DF23A095-B0CC-406A-864B-E5C06DAB864C}.Release|Any CPU.ActiveCfg = Release|x64
		{DF23A095-B0CC-406A-864B-E5C06DAB864C}.Release|Any CPU.Build.0 = Release|x64
		{DF23A095-B0CC-406A-864B-E5C06DAB864C}.Release|Any CPU.Deploy.0 = Release|x64
		{DF23A095-B0CC-406A-864B-E5C06DAB864C}.Release|arm64.ActiveCfg = Release|arm64
		{DF23A095-B0CC-406A-864B-E5C06DAB864C}.Release|arm64.Build.0 = Release|arm64
		{DF23A095-B0CC-406A-864B-E5C06DAB864C}.Release|arm64.Deploy.0 = Release|arm64
		{DF23A095-B0CC-406A-864B-E5C06DAB864C}.Release|x64.ActiveCfg = Release|x64
		{DF23A095-B0CC-406A-864B-E5C06DAB864C}.Release|x64.Build.0 = Release|x64
		{DF23A095-B0CC-406A-864B-E5C06DAB864C}.Release|x64.Deploy.0 = Release|x64
		{DF23A095-B0CC-406A-864B-E5C06DAB864C}.Release|x86.ActiveCfg = Release|x86
		{DF23A095-B0CC-406A-864B-E5C06DAB864C}.Release|x86.Build.0 = Release|x86
		{DF23A095-B0CC-406A-864B-E5C06DAB864C}.Release|x86.Deploy.0 = Release|x86
	EndGlobalSection
	GlobalSection(SolutionProperties) = preSolution
		HideSolutionNode = FALSE
	EndGlobalSection
	GlobalSection(NestedProjects) = preSolution
		{274A71E1-EB99-487C-8EA6-90C94755EF4D} = {E87F2F53-8B91-49FB-846E-F9E0770862AA}
		{E93F8940-351C-4EFD-861F-1817F0E7D90E} = {E87F2F53-8B91-49FB-846E-F9E0770862AA}
		{029DB9A5-AC3D-442E-BE7A-3EAF641367AD} = {E87F2F53-8B91-49FB-846E-F9E0770862AA}
		{C5AAD626-C0DA-4EBA-A504-6AFCF9B530B0} = {6651FB3E-1F40-4A35-A948-90923F750E71}
		{713B3BB2-8E97-402C-A40A-657DD437D0E9} = {C5AAD626-C0DA-4EBA-A504-6AFCF9B530B0}
		{FB9216BB-B729-49E9-90CB-2261824157C7} = {713B3BB2-8E97-402C-A40A-657DD437D0E9}
		{B3AA937A-6866-48B9-B527-41A3F17B240A} = {713B3BB2-8E97-402C-A40A-657DD437D0E9}
		{24A510D1-F483-4B9E-AC1D-D665ECA120B0} = {A919958D-010B-45F8-85A1-A8A2B5269135}
		{833AA5AF-68B6-4FB9-A7F0-20692C59D343} = {24A510D1-F483-4B9E-AC1D-D665ECA120B0}
		{E218C278-EDE5-4E5F-9846-C4892316BBE7} = {24A510D1-F483-4B9E-AC1D-D665ECA120B0}
		{FDA5CD66-F3FB-4922-967D-A0C0BE8EF83A} = {24A510D1-F483-4B9E-AC1D-D665ECA120B0}
		{974EC7C1-19AC-41E2-891A-63AB57FB1D35} = {24A510D1-F483-4B9E-AC1D-D665ECA120B0}
		{A0934685-8609-4372-A631-2EAD2A4C7D6F} = {A86442E8-5AEC-4050-B72A-1543C9E7345B}
		{DF23A095-B0CC-406A-864B-E5C06DAB864C} = {A86442E8-5AEC-4050-B72A-1543C9E7345B}
	EndGlobalSection
	GlobalSection(ExtensibilityGlobals) = postSolution
		SolutionGuid = {1B401288-DE17-40FF-840D-F893D3F68691}
	EndGlobalSection
EndGlobal
